// !$*UTF8*$!
{
	archiveVersion = 1;
	classes = {
	};
	objectVersion = 55;
	objects = {

/* Begin PBXBuildFile section */
		A03E88B8285BFEB10003B105 /* AppDelegate.swift in Sources */ = {isa = PBXBuildFile; fileRef = A03E88B7285BFEB10003B105 /* AppDelegate.swift */; };
		A03E88BA285BFEB10003B105 /* SceneDelegate.swift in Sources */ = {isa = PBXBuildFile; fileRef = A03E88B9285BFEB10003B105 /* SceneDelegate.swift */; };
		A03E88BC285BFEB10003B105 /* LoginVC.swift in Sources */ = {isa = PBXBuildFile; fileRef = A03E88BB285BFEB10003B105 /* LoginVC.swift */; };
		A03E88BF285BFEB10003B105 /* Main.storyboard in Resources */ = {isa = PBXBuildFile; fileRef = A03E88BD285BFEB10003B105 /* Main.storyboard */; };
		A03E88C1285BFEB20003B105 /* Assets.xcassets in Resources */ = {isa = PBXBuildFile; fileRef = A03E88C0285BFEB20003B105 /* Assets.xcassets */; };
		A03E88C4285BFEB20003B105 /* LaunchScreen.storyboard in Resources */ = {isa = PBXBuildFile; fileRef = A03E88C2285BFEB20003B105 /* LaunchScreen.storyboard */; };
		A03E88CF285BFEB30003B105 /* EllisCarMeetingTestTests.swift in Sources */ = {isa = PBXBuildFile; fileRef = A03E88CE285BFEB30003B105 /* EllisCarMeetingTestTests.swift */; };
		A03E88D9285BFEB30003B105 /* EllisCarMeetingTestUITests.swift in Sources */ = {isa = PBXBuildFile; fileRef = A03E88D8285BFEB30003B105 /* EllisCarMeetingTestUITests.swift */; };
		A03E88DB285BFEB30003B105 /* EllisCarMeetingTestUITestsLaunchTests.swift in Sources */ = {isa = PBXBuildFile; fileRef = A03E88DA285BFEB30003B105 /* EllisCarMeetingTestUITestsLaunchTests.swift */; };
		A03E88EA285BFFE90003B105 /* LoginView.swift in Sources */ = {isa = PBXBuildFile; fileRef = A03E88E9285BFFE90003B105 /* LoginView.swift */; };
		A03E88ED285C01C70003B105 /* ECStyle.swift in Sources */ = {isa = PBXBuildFile; fileRef = A03E88EC285C01C70003B105 /* ECStyle.swift */; };
		A03E88EF285C02D80003B105 /* ECColor.swift in Sources */ = {isa = PBXBuildFile; fileRef = A03E88EE285C02D80003B105 /* ECColor.swift */; };
		A03E88F1285C03D20003B105 /* ECString+Extension.swift in Sources */ = {isa = PBXBuildFile; fileRef = A03E88F0285C03D20003B105 /* ECString+Extension.swift */; };
		A03E88F3285C74C90003B105 /* HomeVC.swift in Sources */ = {isa = PBXBuildFile; fileRef = A03E88F2285C74C90003B105 /* HomeVC.swift */; };
		A03E88F5285C74DC0003B105 /* HomeView.swift in Sources */ = {isa = PBXBuildFile; fileRef = A03E88F4285C74DC0003B105 /* HomeView.swift */; };
/* End PBXBuildFile section */

/* Begin PBXContainerItemProxy section */
		A03E88CB285BFEB30003B105 /* PBXContainerItemProxy */ = {
			isa = PBXContainerItemProxy;
			containerPortal = A03E88AC285BFEB10003B105 /* Project object */;
			proxyType = 1;
			remoteGlobalIDString = A03E88B3285BFEB10003B105;
			remoteInfo = EllisCarMeetingTest;
		};
		A03E88D5285BFEB30003B105 /* PBXContainerItemProxy */ = {
			isa = PBXContainerItemProxy;
			containerPortal = A03E88AC285BFEB10003B105 /* Project object */;
			proxyType = 1;
			remoteGlobalIDString = A03E88B3285BFEB10003B105;
			remoteInfo = EllisCarMeetingTest;
		};
/* End PBXContainerItemProxy section */

/* Begin PBXFileReference section */
		A03E88B4285BFEB10003B105 /* EllisCarMeetingTest.app */ = {isa = PBXFileReference; explicitFileType = wrapper.application; includeInIndex = 0; path = EllisCarMeetingTest.app; sourceTree = BUILT_PRODUCTS_DIR; };
		A03E88B7285BFEB10003B105 /* AppDelegate.swift */ = {isa = PBXFileReference; lastKnownFileType = sourcecode.swift; path = AppDelegate.swift; sourceTree = "<group>"; };
		A03E88B9285BFEB10003B105 /* SceneDelegate.swift */ = {isa = PBXFileReference; lastKnownFileType = sourcecode.swift; path = SceneDelegate.swift; sourceTree = "<group>"; };
		A03E88BB285BFEB10003B105 /* LoginVC.swift */ = {isa = PBXFileReference; lastKnownFileType = sourcecode.swift; path = LoginVC.swift; sourceTree = "<group>"; };
		A03E88BE285BFEB10003B105 /* Base */ = {isa = PBXFileReference; lastKnownFileType = file.storyboard; name = Base; path = Base.lproj/Main.storyboard; sourceTree = "<group>"; };
		A03E88C0285BFEB20003B105 /* Assets.xcassets */ = {isa = PBXFileReference; lastKnownFileType = folder.assetcatalog; path = Assets.xcassets; sourceTree = "<group>"; };
		A03E88C3285BFEB20003B105 /* Base */ = {isa = PBXFileReference; lastKnownFileType = file.storyboard; name = Base; path = Base.lproj/LaunchScreen.storyboard; sourceTree = "<group>"; };
		A03E88C5285BFEB20003B105 /* Info.plist */ = {isa = PBXFileReference; lastKnownFileType = text.plist.xml; path = Info.plist; sourceTree = "<group>"; };
		A03E88CA285BFEB30003B105 /* EllisCarMeetingTestTests.xctest */ = {isa = PBXFileReference; explicitFileType = wrapper.cfbundle; includeInIndex = 0; path = EllisCarMeetingTestTests.xctest; sourceTree = BUILT_PRODUCTS_DIR; };
		A03E88CE285BFEB30003B105 /* EllisCarMeetingTestTests.swift */ = {isa = PBXFileReference; lastKnownFileType = sourcecode.swift; path = EllisCarMeetingTestTests.swift; sourceTree = "<group>"; };
		A03E88D4285BFEB30003B105 /* EllisCarMeetingTestUITests.xctest */ = {isa = PBXFileReference; explicitFileType = wrapper.cfbundle; includeInIndex = 0; path = EllisCarMeetingTestUITests.xctest; sourceTree = BUILT_PRODUCTS_DIR; };
		A03E88D8285BFEB30003B105 /* EllisCarMeetingTestUITests.swift */ = {isa = PBXFileReference; lastKnownFileType = sourcecode.swift; path = EllisCarMeetingTestUITests.swift; sourceTree = "<group>"; };
		A03E88DA285BFEB30003B105 /* EllisCarMeetingTestUITestsLaunchTests.swift */ = {isa = PBXFileReference; lastKnownFileType = sourcecode.swift; path = EllisCarMeetingTestUITestsLaunchTests.swift; sourceTree = "<group>"; };
		A03E88E7285BFF3B0003B105 /* MeetingLog.md */ = {isa = PBXFileReference; lastKnownFileType = net.daringfireball.markdown; path = MeetingLog.md; sourceTree = "<group>"; };
		A03E88E9285BFFE90003B105 /* LoginView.swift */ = {isa = PBXFileReference; lastKnownFileType = sourcecode.swift; path = LoginView.swift; sourceTree = "<group>"; };
		A03E88EC285C01C70003B105 /* ECStyle.swift */ = {isa = PBXFileReference; lastKnownFileType = sourcecode.swift; path = ECStyle.swift; sourceTree = "<group>"; };
		A03E88EE285C02D80003B105 /* ECColor.swift */ = {isa = PBXFileReference; lastKnownFileType = sourcecode.swift; path = ECColor.swift; sourceTree = "<group>"; };
		A03E88F0285C03D20003B105 /* ECString+Extension.swift */ = {isa = PBXFileReference; lastKnownFileType = sourcecode.swift; path = "ECString+Extension.swift"; sourceTree = "<group>"; };
		A03E88F2285C74C90003B105 /* HomeVC.swift */ = {isa = PBXFileReference; lastKnownFileType = sourcecode.swift; path = HomeVC.swift; sourceTree = "<group>"; };
		A03E88F4285C74DC0003B105 /* HomeView.swift */ = {isa = PBXFileReference; lastKnownFileType = sourcecode.swift; path = HomeView.swift; sourceTree = "<group>"; };
/* End PBXFileReference section */

/* Begin PBXFrameworksBuildPhase section */
		A03E88B1285BFEB10003B105 /* Frameworks */ = {
			isa = PBXFrameworksBuildPhase;
			buildActionMask = 2147483647;
			files = (
			);
			runOnlyForDeploymentPostprocessing = 0;
		};
		A03E88C7285BFEB30003B105 /* Frameworks */ = {
			isa = PBXFrameworksBuildPhase;
			buildActionMask = 2147483647;
			files = (
			);
			runOnlyForDeploymentPostprocessing = 0;
		};
		A03E88D1285BFEB30003B105 /* Frameworks */ = {
			isa = PBXFrameworksBuildPhase;
			buildActionMask = 2147483647;
			files = (
			);
			runOnlyForDeploymentPostprocessing = 0;
		};
/* End PBXFrameworksBuildPhase section */

/* Begin PBXGroup section */
		A03E88AB285BFEB10003B105 = {
			isa = PBXGroup;
			children = (
				A03E88B6285BFEB10003B105 /* EllisCarMeetingTest */,
				A03E88CD285BFEB30003B105 /* EllisCarMeetingTestTests */,
				A03E88D7285BFEB30003B105 /* EllisCarMeetingTestUITests */,
				A03E88B5285BFEB10003B105 /* Products */,
			);
			sourceTree = "<group>";
		};
		A03E88B5285BFEB10003B105 /* Products */ = {
			isa = PBXGroup;
			children = (
				A03E88B4285BFEB10003B105 /* EllisCarMeetingTest.app */,
				A03E88CA285BFEB30003B105 /* EllisCarMeetingTestTests.xctest */,
				A03E88D4285BFEB30003B105 /* EllisCarMeetingTestUITests.xctest */,
			);
			name = Products;
			sourceTree = "<group>";
		};
		A03E88B6285BFEB10003B105 /* EllisCarMeetingTest */ = {
			isa = PBXGroup;
			children = (
				A03E88E7285BFF3B0003B105 /* MeetingLog.md */,
				A03E88EB285C01B70003B105 /* Common */,
				A03E88E8285BFFD80003B105 /* Screens */,
				A03E88B7285BFEB10003B105 /* AppDelegate.swift */,
				A03E88B9285BFEB10003B105 /* SceneDelegate.swift */,
				A03E88BD285BFEB10003B105 /* Main.storyboard */,
				A03E88C0285BFEB20003B105 /* Assets.xcassets */,
				A03E88C2285BFEB20003B105 /* LaunchScreen.storyboard */,
				A03E88C5285BFEB20003B105 /* Info.plist */,
			);
			path = EllisCarMeetingTest;
			sourceTree = "<group>";
		};
		A03E88CD285BFEB30003B105 /* EllisCarMeetingTestTests */ = {
			isa = PBXGroup;
			children = (
				A03E88CE285BFEB30003B105 /* EllisCarMeetingTestTests.swift */,
			);
			path = EllisCarMeetingTestTests;
			sourceTree = "<group>";
		};
		A03E88D7285BFEB30003B105 /* EllisCarMeetingTestUITests */ = {
			isa = PBXGroup;
			children = (
				A03E88D8285BFEB30003B105 /* EllisCarMeetingTestUITests.swift */,
				A03E88DA285BFEB30003B105 /* EllisCarMeetingTestUITestsLaunchTests.swift */,
			);
			path = EllisCarMeetingTestUITests;
			sourceTree = "<group>";
		};
		A03E88E8285BFFD80003B105 /* Screens */ = {
			isa = PBXGroup;
			children = (
				A03E88BB285BFEB10003B105 /* LoginVC.swift */,
				A03E88E9285BFFE90003B105 /* LoginView.swift */,
				A03E88F2285C74C90003B105 /* HomeVC.swift */,
				A03E88F4285C74DC0003B105 /* HomeView.swift */,
			);
			path = Screens;
			sourceTree = "<group>";
		};
		A03E88EB285C01B70003B105 /* Common */ = {
			isa = PBXGroup;
			children = (
				A03E88EC285C01C70003B105 /* ECStyle.swift */,
				A03E88EE285C02D80003B105 /* ECColor.swift */,
				A03E88F0285C03D20003B105 /* ECString+Extension.swift */,
			);
			path = Common;
			sourceTree = "<group>";
		};
/* End PBXGroup section */

/* Begin PBXNativeTarget section */
		A03E88B3285BFEB10003B105 /* EllisCarMeetingTest */ = {
			isa = PBXNativeTarget;
			buildConfigurationList = A03E88DE285BFEB30003B105 /* Build configuration list for PBXNativeTarget "EllisCarMeetingTest" */;
			buildPhases = (
				A03E88B0285BFEB10003B105 /* Sources */,
				A03E88B1285BFEB10003B105 /* Frameworks */,
				A03E88B2285BFEB10003B105 /* Resources */,
			);
			buildRules = (
			);
			dependencies = (
			);
			name = EllisCarMeetingTest;
			productName = EllisCarMeetingTest;
			productReference = A03E88B4285BFEB10003B105 /* EllisCarMeetingTest.app */;
			productType = "com.apple.product-type.application";
		};
		A03E88C9285BFEB30003B105 /* EllisCarMeetingTestTests */ = {
			isa = PBXNativeTarget;
			buildConfigurationList = A03E88E1285BFEB30003B105 /* Build configuration list for PBXNativeTarget "EllisCarMeetingTestTests" */;
			buildPhases = (
				A03E88C6285BFEB30003B105 /* Sources */,
				A03E88C7285BFEB30003B105 /* Frameworks */,
				A03E88C8285BFEB30003B105 /* Resources */,
			);
			buildRules = (
			);
			dependencies = (
				A03E88CC285BFEB30003B105 /* PBXTargetDependency */,
			);
			name = EllisCarMeetingTestTests;
			productName = EllisCarMeetingTestTests;
			productReference = A03E88CA285BFEB30003B105 /* EllisCarMeetingTestTests.xctest */;
			productType = "com.apple.product-type.bundle.unit-test";
		};
		A03E88D3285BFEB30003B105 /* EllisCarMeetingTestUITests */ = {
			isa = PBXNativeTarget;
			buildConfigurationList = A03E88E4285BFEB30003B105 /* Build configuration list for PBXNativeTarget "EllisCarMeetingTestUITests" */;
			buildPhases = (
				A03E88D0285BFEB30003B105 /* Sources */,
				A03E88D1285BFEB30003B105 /* Frameworks */,
				A03E88D2285BFEB30003B105 /* Resources */,
			);
			buildRules = (
			);
			dependencies = (
				A03E88D6285BFEB30003B105 /* PBXTargetDependency */,
			);
			name = EllisCarMeetingTestUITests;
			productName = EllisCarMeetingTestUITests;
			productReference = A03E88D4285BFEB30003B105 /* EllisCarMeetingTestUITests.xctest */;
			productType = "com.apple.product-type.bundle.ui-testing";
		};
/* End PBXNativeTarget section */

/* Begin PBXProject section */
		A03E88AC285BFEB10003B105 /* Project object */ = {
			isa = PBXProject;
			attributes = {
				BuildIndependentTargetsInParallel = 1;
				LastSwiftUpdateCheck = 1340;
				LastUpgradeCheck = 1340;
				TargetAttributes = {
					A03E88B3285BFEB10003B105 = {
						CreatedOnToolsVersion = 13.4.1;
					};
					A03E88C9285BFEB30003B105 = {
						CreatedOnToolsVersion = 13.4.1;
						TestTargetID = A03E88B3285BFEB10003B105;
					};
					A03E88D3285BFEB30003B105 = {
						CreatedOnToolsVersion = 13.4.1;
						TestTargetID = A03E88B3285BFEB10003B105;
					};
				};
			};
			buildConfigurationList = A03E88AF285BFEB10003B105 /* Build configuration list for PBXProject "EllisCarMeetingTest" */;
			compatibilityVersion = "Xcode 13.0";
			developmentRegion = en;
			hasScannedForEncodings = 0;
			knownRegions = (
				en,
				Base,
			);
			mainGroup = A03E88AB285BFEB10003B105;
			productRefGroup = A03E88B5285BFEB10003B105 /* Products */;
			projectDirPath = "";
			projectRoot = "";
			targets = (
				A03E88B3285BFEB10003B105 /* EllisCarMeetingTest */,
				A03E88C9285BFEB30003B105 /* EllisCarMeetingTestTests */,
				A03E88D3285BFEB30003B105 /* EllisCarMeetingTestUITests */,
			);
		};
/* End PBXProject section */

/* Begin PBXResourcesBuildPhase section */
		A03E88B2285BFEB10003B105 /* Resources */ = {
			isa = PBXResourcesBuildPhase;
			buildActionMask = 2147483647;
			files = (
				A03E88C4285BFEB20003B105 /* LaunchScreen.storyboard in Resources */,
				A03E88C1285BFEB20003B105 /* Assets.xcassets in Resources */,
				A03E88BF285BFEB10003B105 /* Main.storyboard in Resources */,
			);
			runOnlyForDeploymentPostprocessing = 0;
		};
		A03E88C8285BFEB30003B105 /* Resources */ = {
			isa = PBXResourcesBuildPhase;
			buildActionMask = 2147483647;
			files = (
			);
			runOnlyForDeploymentPostprocessing = 0;
		};
		A03E88D2285BFEB30003B105 /* Resources */ = {
			isa = PBXResourcesBuildPhase;
			buildActionMask = 2147483647;
			files = (
			);
			runOnlyForDeploymentPostprocessing = 0;
		};
/* End PBXResourcesBuildPhase section */

/* Begin PBXSourcesBuildPhase section */
		A03E88B0285BFEB10003B105 /* Sources */ = {
			isa = PBXSourcesBuildPhase;
			buildActionMask = 2147483647;
			files = (
				A03E88F5285C74DC0003B105 /* HomeView.swift in Sources */,
				A03E88ED285C01C70003B105 /* ECStyle.swift in Sources */,
				A03E88F3285C74C90003B105 /* HomeVC.swift in Sources */,
				A03E88F1285C03D20003B105 /* ECString+Extension.swift in Sources */,
				A03E88BC285BFEB10003B105 /* LoginVC.swift in Sources */,
				A03E88B8285BFEB10003B105 /* AppDelegate.swift in Sources */,
				A03E88EF285C02D80003B105 /* ECColor.swift in Sources */,
				A03E88EA285BFFE90003B105 /* LoginView.swift in Sources */,
				A03E88BA285BFEB10003B105 /* SceneDelegate.swift in Sources */,
			);
			runOnlyForDeploymentPostprocessing = 0;
		};
		A03E88C6285BFEB30003B105 /* Sources */ = {
			isa = PBXSourcesBuildPhase;
			buildActionMask = 2147483647;
			files = (
				A03E88CF285BFEB30003B105 /* EllisCarMeetingTestTests.swift in Sources */,
			);
			runOnlyForDeploymentPostprocessing = 0;
		};
		A03E88D0285BFEB30003B105 /* Sources */ = {
			isa = PBXSourcesBuildPhase;
			buildActionMask = 2147483647;
			files = (
				A03E88D9285BFEB30003B105 /* EllisCarMeetingTestUITests.swift in Sources */,
				A03E88DB285BFEB30003B105 /* EllisCarMeetingTestUITestsLaunchTests.swift in Sources */,
			);
			runOnlyForDeploymentPostprocessing = 0;
		};
/* End PBXSourcesBuildPhase section */

/* Begin PBXTargetDependency section */
		A03E88CC285BFEB30003B105 /* PBXTargetDependency */ = {
			isa = PBXTargetDependency;
			target = A03E88B3285BFEB10003B105 /* EllisCarMeetingTest */;
			targetProxy = A03E88CB285BFEB30003B105 /* PBXContainerItemProxy */;
		};
		A03E88D6285BFEB30003B105 /* PBXTargetDependency */ = {
			isa = PBXTargetDependency;
			target = A03E88B3285BFEB10003B105 /* EllisCarMeetingTest */;
			targetProxy = A03E88D5285BFEB30003B105 /* PBXContainerItemProxy */;
		};
/* End PBXTargetDependency section */

/* Begin PBXVariantGroup section */
		A03E88BD285BFEB10003B105 /* Main.storyboard */ = {
			isa = PBXVariantGroup;
			children = (
				A03E88BE285BFEB10003B105 /* Base */,
			);
			name = Main.storyboard;
			sourceTree = "<group>";
		};
		A03E88C2285BFEB20003B105 /* LaunchScreen.storyboard */ = {
			isa = PBXVariantGroup;
			children = (
				A03E88C3285BFEB20003B105 /* Base */,
			);
			name = LaunchScreen.storyboard;
			sourceTree = "<group>";
		};
/* End PBXVariantGroup section */

/* Begin XCBuildConfiguration section */
		A03E88DC285BFEB30003B105 /* Debug */ = {
			isa = XCBuildConfiguration;
			buildSettings = {
				ALWAYS_SEARCH_USER_PATHS = NO;
				CLANG_ANALYZER_NONNULL = YES;
				CLANG_ANALYZER_NUMBER_OBJECT_CONVERSION = YES_AGGRESSIVE;
				CLANG_CXX_LANGUAGE_STANDARD = "gnu++17";
				CLANG_ENABLE_MODULES = YES;
				CLANG_ENABLE_OBJC_ARC = YES;
				CLANG_ENABLE_OBJC_WEAK = YES;
				CLANG_WARN_BLOCK_CAPTURE_AUTORELEASING = YES;
				CLANG_WARN_BOOL_CONVERSION = YES;
				CLANG_WARN_COMMA = YES;
				CLANG_WARN_CONSTANT_CONVERSION = YES;
				CLANG_WARN_DEPRECATED_OBJC_IMPLEMENTATIONS = YES;
				CLANG_WARN_DIRECT_OBJC_ISA_USAGE = YES_ERROR;
				CLANG_WARN_DOCUMENTATION_COMMENTS = YES;
				CLANG_WARN_EMPTY_BODY = YES;
				CLANG_WARN_ENUM_CONVERSION = YES;
				CLANG_WARN_INFINITE_RECURSION = YES;
				CLANG_WARN_INT_CONVERSION = YES;
				CLANG_WARN_NON_LITERAL_NULL_CONVERSION = YES;
				CLANG_WARN_OBJC_IMPLICIT_RETAIN_SELF = YES;
				CLANG_WARN_OBJC_LITERAL_CONVERSION = YES;
				CLANG_WARN_OBJC_ROOT_CLASS = YES_ERROR;
				CLANG_WARN_QUOTED_INCLUDE_IN_FRAMEWORK_HEADER = YES;
				CLANG_WARN_RANGE_LOOP_ANALYSIS = YES;
				CLANG_WARN_STRICT_PROTOTYPES = YES;
				CLANG_WARN_SUSPICIOUS_MOVE = YES;
				CLANG_WARN_UNGUARDED_AVAILABILITY = YES_AGGRESSIVE;
				CLANG_WARN_UNREACHABLE_CODE = YES;
				CLANG_WARN__DUPLICATE_METHOD_MATCH = YES;
				COPY_PHASE_STRIP = NO;
				DEBUG_INFORMATION_FORMAT = dwarf;
				ENABLE_STRICT_OBJC_MSGSEND = YES;
				ENABLE_TESTABILITY = YES;
				GCC_C_LANGUAGE_STANDARD = gnu11;
				GCC_DYNAMIC_NO_PIC = NO;
				GCC_NO_COMMON_BLOCKS = YES;
				GCC_OPTIMIZATION_LEVEL = 0;
				GCC_PREPROCESSOR_DEFINITIONS = (
					"DEBUG=1",
					"$(inherited)",
				);
				GCC_WARN_64_TO_32_BIT_CONVERSION = YES;
				GCC_WARN_ABOUT_RETURN_TYPE = YES_ERROR;
				GCC_WARN_UNDECLARED_SELECTOR = YES;
				GCC_WARN_UNINITIALIZED_AUTOS = YES_AGGRESSIVE;
				GCC_WARN_UNUSED_FUNCTION = YES;
				GCC_WARN_UNUSED_VARIABLE = YES;
				IPHONEOS_DEPLOYMENT_TARGET = 15.5;
				MTL_ENABLE_DEBUG_INFO = INCLUDE_SOURCE;
				MTL_FAST_MATH = YES;
				ONLY_ACTIVE_ARCH = YES;
				SDKROOT = iphoneos;
				SWIFT_ACTIVE_COMPILATION_CONDITIONS = DEBUG;
				SWIFT_OPTIMIZATION_LEVEL = "-Onone";
			};
			name = Debug;
		};
		A03E88DD285BFEB30003B105 /* Release */ = {
			isa = XCBuildConfiguration;
			buildSettings = {
				ALWAYS_SEARCH_USER_PATHS = NO;
				CLANG_ANALYZER_NONNULL = YES;
				CLANG_ANALYZER_NUMBER_OBJECT_CONVERSION = YES_AGGRESSIVE;
				CLANG_CXX_LANGUAGE_STANDARD = "gnu++17";
				CLANG_ENABLE_MODULES = YES;
				CLANG_ENABLE_OBJC_ARC = YES;
				CLANG_ENABLE_OBJC_WEAK = YES;
				CLANG_WARN_BLOCK_CAPTURE_AUTORELEASING = YES;
				CLANG_WARN_BOOL_CONVERSION = YES;
				CLANG_WARN_COMMA = YES;
				CLANG_WARN_CONSTANT_CONVERSION = YES;
				CLANG_WARN_DEPRECATED_OBJC_IMPLEMENTATIONS = YES;
				CLANG_WARN_DIRECT_OBJC_ISA_USAGE = YES_ERROR;
				CLANG_WARN_DOCUMENTATION_COMMENTS = YES;
				CLANG_WARN_EMPTY_BODY = YES;
				CLANG_WARN_ENUM_CONVERSION = YES;
				CLANG_WARN_INFINITE_RECURSION = YES;
				CLANG_WARN_INT_CONVERSION = YES;
				CLANG_WARN_NON_LITERAL_NULL_CONVERSION = YES;
				CLANG_WARN_OBJC_IMPLICIT_RETAIN_SELF = YES;
				CLANG_WARN_OBJC_LITERAL_CONVERSION = YES;
				CLANG_WARN_OBJC_ROOT_CLASS = YES_ERROR;
				CLANG_WARN_QUOTED_INCLUDE_IN_FRAMEWORK_HEADER = YES;
				CLANG_WARN_RANGE_LOOP_ANALYSIS = YES;
				CLANG_WARN_STRICT_PROTOTYPES = YES;
				CLANG_WARN_SUSPICIOUS_MOVE = YES;
				CLANG_WARN_UNGUARDED_AVAILABILITY = YES_AGGRESSIVE;
				CLANG_WARN_UNREACHABLE_CODE = YES;
				CLANG_WARN__DUPLICATE_METHOD_MATCH = YES;
				COPY_PHASE_STRIP = NO;
				DEBUG_INFORMATION_FORMAT = "dwarf-with-dsym";
				ENABLE_NS_ASSERTIONS = NO;
				ENABLE_STRICT_OBJC_MSGSEND = YES;
				GCC_C_LANGUAGE_STANDARD = gnu11;
				GCC_NO_COMMON_BLOCKS = YES;
				GCC_WARN_64_TO_32_BIT_CONVERSION = YES;
				GCC_WARN_ABOUT_RETURN_TYPE = YES_ERROR;
				GCC_WARN_UNDECLARED_SELECTOR = YES;
				GCC_WARN_UNINITIALIZED_AUTOS = YES_AGGRESSIVE;
				GCC_WARN_UNUSED_FUNCTION = YES;
				GCC_WARN_UNUSED_VARIABLE = YES;
				IPHONEOS_DEPLOYMENT_TARGET = 15.5;
				MTL_ENABLE_DEBUG_INFO = NO;
				MTL_FAST_MATH = YES;
				SDKROOT = iphoneos;
				SWIFT_COMPILATION_MODE = wholemodule;
				SWIFT_OPTIMIZATION_LEVEL = "-O";
				VALIDATE_PRODUCT = YES;
			};
			name = Release;
		};
		A03E88DF285BFEB30003B105 /* Debug */ = {
			isa = XCBuildConfiguration;
			buildSettings = {
				ASSETCATALOG_COMPILER_APPICON_NAME = AppIcon;
				ASSETCATALOG_COMPILER_GLOBAL_ACCENT_COLOR_NAME = AccentColor;
				CODE_SIGN_STYLE = Automatic;
				CURRENT_PROJECT_VERSION = 1;
				DEVELOPMENT_TEAM = 64MG3ZU3YZ;
				GENERATE_INFOPLIST_FILE = YES;
				INFOPLIST_FILE = EllisCarMeetingTest/Info.plist;
				INFOPLIST_KEY_UIApplicationSupportsIndirectInputEvents = YES;
				INFOPLIST_KEY_UILaunchStoryboardName = LaunchScreen;
				INFOPLIST_KEY_UIMainStoryboardFile = Main;
				INFOPLIST_KEY_UISupportedInterfaceOrientations_iPad = "UIInterfaceOrientationPortrait UIInterfaceOrientationPortraitUpsideDown UIInterfaceOrientationLandscapeLeft UIInterfaceOrientationLandscapeRight";
				INFOPLIST_KEY_UISupportedInterfaceOrientations_iPhone = "UIInterfaceOrientationPortrait UIInterfaceOrientationLandscapeLeft UIInterfaceOrientationLandscapeRight";
				LD_RUNPATH_SEARCH_PATHS = (
					"$(inherited)",
					"@executable_path/Frameworks",
				);
				MARKETING_VERSION = 1.0;
				NEW_SETTING = "";
				PRODUCT_BUNDLE_IDENTIFIER = Lucas.EllisCarMeetingTest;
				PRODUCT_NAME = "$(TARGET_NAME)";
				SWIFT_EMIT_LOC_STRINGS = YES;
				SWIFT_VERSION = 5.0;
				TARGETED_DEVICE_FAMILY = "1,2";
			};
			name = Debug;
		};
		A03E88E0285BFEB30003B105 /* Release */ = {
			isa = XCBuildConfiguration;
			buildSettings = {
				ASSETCATALOG_COMPILER_APPICON_NAME = AppIcon;
				ASSETCATALOG_COMPILER_GLOBAL_ACCENT_COLOR_NAME = AccentColor;
				CODE_SIGN_STYLE = Automatic;
				CURRENT_PROJECT_VERSION = 1;
				DEVELOPMENT_TEAM = 64MG3ZU3YZ;
				GENERATE_INFOPLIST_FILE = YES;
				INFOPLIST_FILE = EllisCarMeetingTest/Info.plist;
				INFOPLIST_KEY_UIApplicationSupportsIndirectInputEvents = YES;
				INFOPLIST_KEY_UILaunchStoryboardName = LaunchScreen;
				INFOPLIST_KEY_UIMainStoryboardFile = Main;
				INFOPLIST_KEY_UISupportedInterfaceOrientations_iPad = "UIInterfaceOrientationPortrait UIInterfaceOrientationPortraitUpsideDown UIInterfaceOrientationLandscapeLeft UIInterfaceOrientationLandscapeRight";
				INFOPLIST_KEY_UISupportedInterfaceOrientations_iPhone = "UIInterfaceOrientationPortrait UIInterfaceOrientationLandscapeLeft UIInterfaceOrientationLandscapeRight";
				LD_RUNPATH_SEARCH_PATHS = (
					"$(inherited)",
					"@executable_path/Frameworks",
				);
				MARKETING_VERSION = 1.0;
				NEW_SETTING = "";
				PRODUCT_BUNDLE_IDENTIFIER = Lucas.EllisCarMeetingTest;
				PRODUCT_NAME = "$(TARGET_NAME)";
				SWIFT_EMIT_LOC_STRINGS = YES;
				SWIFT_VERSION = 5.0;
				TARGETED_DEVICE_FAMILY = "1,2";
			};
			name = Release;
		};
		A03E88E2285BFEB30003B105 /* Debug */ = {
			isa = XCBuildConfiguration;
			buildSettings = {
				ALWAYS_EMBED_SWIFT_STANDARD_LIBRARIES = YES;
				BUNDLE_LOADER = "$(TEST_HOST)";
				CODE_SIGN_STYLE = Automatic;
				CURRENT_PROJECT_VERSION = 1;
				DEVELOPMENT_TEAM = 64MG3ZU3YZ;
				GENERATE_INFOPLIST_FILE = YES;
				IPHONEOS_DEPLOYMENT_TARGET = 15.5;
				MARKETING_VERSION = 1.0;
				PRODUCT_BUNDLE_IDENTIFIER = Lucas.EllisCarMeetingTestTests;
				PRODUCT_NAME = "$(TARGET_NAME)";
				SWIFT_EMIT_LOC_STRINGS = NO;
				SWIFT_VERSION = 5.0;
				TARGETED_DEVICE_FAMILY = "1,2";
				TEST_HOST = "$(BUILT_PRODUCTS_DIR)/EllisCarMeetingTest.app/EllisCarMeetingTest";
			};
			name = Debug;
		};
		A03E88E3285BFEB30003B105 /* Release */ = {
			isa = XCBuildConfiguration;
			buildSettings = {
				ALWAYS_EMBED_SWIFT_STANDARD_LIBRARIES = YES;
				BUNDLE_LOADER = "$(TEST_HOST)";
				CODE_SIGN_STYLE = Automatic;
				CURRENT_PROJECT_VERSION = 1;
				DEVELOPMENT_TEAM = 64MG3ZU3YZ;
				GENERATE_INFOPLIST_FILE = YES;
				IPHONEOS_DEPLOYMENT_TARGET = 15.5;
				MARKETING_VERSION = 1.0;
				PRODUCT_BUNDLE_IDENTIFIER = Lucas.EllisCarMeetingTestTests;
				PRODUCT_NAME = "$(TARGET_NAME)";
				SWIFT_EMIT_LOC_STRINGS = NO;
				SWIFT_VERSION = 5.0;
				TARGETED_DEVICE_FAMILY = "1,2";
				TEST_HOST = "$(BUILT_PRODUCTS_DIR)/EllisCarMeetingTest.app/EllisCarMeetingTest";
			};
			name = Release;
		};
		A03E88E5285BFEB30003B105 /* Debug */ = {
			isa = XCBuildConfiguration;
			buildSettings = {
				ALWAYS_EMBED_SWIFT_STANDARD_LIBRARIES = YES;
				CODE_SIGN_STYLE = Automatic;
				CURRENT_PROJECT_VERSION = 1;
				DEVELOPMENT_TEAM = 64MG3ZU3YZ;
				GENERATE_INFOPLIST_FILE = YES;
				MARKETING_VERSION = 1.0;
				PRODUCT_BUNDLE_IDENTIFIER = Lucas.EllisCarMeetingTestUITests;
				PRODUCT_NAME = "$(TARGET_NAME)";
				SWIFT_EMIT_LOC_STRINGS = NO;
				SWIFT_VERSION = 5.0;
				TARGETED_DEVICE_FAMILY = "1,2";
				TEST_TARGET_NAME = EllisCarMeetingTest;
			};
			name = Debug;
		};
		A03E88E6285BFEB30003B105 /* Release */ = {
			isa = XCBuildConfiguration;
			buildSettings = {
				ALWAYS_EMBED_SWIFT_STANDARD_LIBRARIES = YES;
				CODE_SIGN_STYLE = Automatic;
				CURRENT_PROJECT_VERSION = 1;
				DEVELOPMENT_TEAM = 64MG3ZU3YZ;
				GENERATE_INFOPLIST_FILE = YES;
				MARKETING_VERSION = 1.0;
				PRODUCT_BUNDLE_IDENTIFIER = Lucas.EllisCarMeetingTestUITests;
				PRODUCT_NAME = "$(TARGET_NAME)";
				SWIFT_EMIT_LOC_STRINGS = NO;
				SWIFT_VERSION = 5.0;
				TARGETED_DEVICE_FAMILY = "1,2";
				TEST_TARGET_NAME = EllisCarMeetingTest;
			};
			name = Release;
		};
/* End XCBuildConfiguration section */

/* Begin XCConfigurationList section */
		A03E88AF285BFEB10003B105 /* Build configuration list for PBXProject "EllisCarMeetingTest" */ = {
			isa = XCConfigurationList;
			buildConfigurations = (
				A03E88DC285BFEB30003B105 /* Debug */,
				A03E88DD285BFEB30003B105 /* Release */,
			);
			defaultConfigurationIsVisible = 0;
			defaultConfigurationName = Release;
		};
		A03E88DE285BFEB30003B105 /* Build configuration list for PBXNativeTarget "EllisCarMeetingTest" */ = {
			isa = XCConfigurationList;
			buildConfigurations = (
				A03E88DF285BFEB30003B105 /* Debug */,
				A03E88E0285BFEB30003B105 /* Release */,
			);
			defaultConfigurationIsVisible = 0;
			defaultConfigurationName = Release;
		};
		A03E88E1285BFEB30003B105 /* Build configuration list for PBXNativeTarget "EllisCarMeetingTestTests" */ = {
			isa = XCConfigurationList;
			buildConfigurations = (
				A03E88E2285BFEB30003B105 /* Debug */,
				A03E88E3285BFEB30003B105 /* Release */,
			);
			defaultConfigurationIsVisible = 0;
			defaultConfigurationName = Release;
		};
		A03E88E4285BFEB30003B105 /* Build configuration list for PBXNativeTarget "EllisCarMeetingTestUITests" */ = {
			isa = XCConfigurationList;
			buildConfigurations = (
				A03E88E5285BFEB30003B105 /* Debug */,
				A03E88E6285BFEB30003B105 /* Release */,
			);
			defaultConfigurationIsVisible = 0;
			defaultConfigurationName = Release;
		};
/* End XCConfigurationList section */
	};
	rootObject = A03E88AC285BFEB10003B105 /* Project object */;
}
